
Microsoft Visual Studio Solution File, Format Version 12.00
# Visual Studio Version 16
VisualStudioVersion = 16.0.30523.141
MinimumVisualStudioVersion = 10.0.40219.1
Project("{FAE04EC0-301F-11D3-BF4B-00C04F79EFBC}") = "HotelReservation_System", "HotelReservation_System\HotelReservation_System.csproj", "{02AAB153-3118-4E80-BDBE-EDAB4CA819A4}"
EndProject
Project("{FAE04EC0-301F-11D3-BF4B-00C04F79EFBC}") = "HotelReservationSystemTest", "HotelReservationSystemTest\HotelReservationSystemTest.csproj", "{6AC348EC-5E7B-4562-A068-69C72F108FD6}"
EndProject
Global
	GlobalSection(SolutionConfigurationPlatforms) = preSolution
		Debug|Any CPU = Debug|Any CPU
		Release|Any CPU = Release|Any CPU
	EndGlobalSection
	GlobalSection(ProjectConfigurationPlatforms) = postSolution
		{02AAB153-3118-4E80-BDBE-EDAB4CA819A4}.Debug|Any CPU.ActiveCfg = Debug|Any CPU
		{02AAB153-3118-4E80-BDBE-EDAB4CA819A4}.Debug|Any CPU.Build.0 = Debug|Any CPU
		{02AAB153-3118-4E80-BDBE-EDAB4CA819A4}.Release|Any CPU.ActiveCfg = Release|Any CPU
		{02AAB153-3118-4E80-BDBE-EDAB4CA819A4}.Release|Any CPU.Build.0 = Release|Any CPU
		{6AC348EC-5E7B-4562-A068-69C72F108FD6}.Debug|Any CPU.ActiveCfg = Debug|Any CPU
		{6AC348EC-5E7B-4562-A068-69C72F108FD6}.Debug|Any CPU.Build.0 = Debug|Any CPU
		{6AC348EC-5E7B-4562-A068-69C72F108FD6}.Release|Any CPU.ActiveCfg = Release|Any CPU
		{6AC348EC-5E7B-4562-A068-69C72F108FD6}.Release|Any CPU.Build.0 = Release|Any CPU
	EndGlobalSection
	GlobalSection(SolutionProperties) = preSolution
		HideSolutionNode = FALSE
	EndGlobalSection
	GlobalSection(ExtensibilityGlobals) = postSolution
		SolutionGuid = {36F46B74-C117-4D1C-8953-9B448C39CA4B}
	EndGlobalSection
EndGlobal
